Microsoft Visual Studio Solution File, Format Version 12.00
# Visual Studio Version 17
VisualStudioVersion = 17.5.2.0
MinimumVisualStudioVersion = 10.0.40219.1
Project("{FAE04EC0-301F-11D3-BF4B-00C04F79EFBC}") = "Proyecto_Pro_Pixel_Wall-E_Compiler", "Proyecto_Pro_Pixel_Wall-E_Compiler.csproj", "{288AE82D-AE04-B646-99F0-C60036E5B812}"
EndProject
Global
	GlobalSection(SolutionConfigurationPlatforms) = preSolution
		Debug|Any CPU = Debug|Any CPU
		Release|Any CPU = Release|Any CPU
	EndGlobalSection
	GlobalSection(ProjectConfigurationPlatforms) = postSolution
		{288AE82D-AE04-B646-99F0-C60036E5B812}.Debug|Any CPU.ActiveCfg = Debug|Any CPU
		{288AE82D-AE04-B646-99F0-C60036E5B812}.Debug|Any CPU.Build.0 = Debug|Any CPU
		{288AE82D-AE04-B646-99F0-C60036E5B812}.Release|Any CPU.ActiveCfg = Release|Any CPU
		{288AE82D-AE04-B646-99F0-C60036E5B812}.Release|Any CPU.Build.0 = Release|Any CPU
	EndGlobalSection
	GlobalSection(SolutionProperties) = preSolution
		HideSolutionNode = FALSE
	EndGlobalSection
	GlobalSection(ExtensibilityGlobals) = postSolution
		SolutionGuid = {2E8E04B9-31CA-4A12-A14C-8285AD5EF91B}
	EndGlobalSection
EndGlobal
